
Microsoft Visual Studio Solution File, Format Version 12.00
# Visual Studio 2013
VisualStudioVersion = 12.0.30501.0
MinimumVisualStudioVersion = 10.0.40219.1
Project("{FAE04EC0-301F-11D3-BF4B-00C04F79EFBC}") = "Cataners", "Cataners\Cataners.csproj", "{2CAEBDDE-959C-4DBE-AC16-57298CAE21D8}"
EndProject
Project("{FAE04EC0-301F-11D3-BF4B-00C04F79EFBC}") = "CatenersServer", "..\CatanersServer\CatenersServer\CatenersServer.csproj", "{1F95432A-1A6D-4EEE-B7D6-82E32AB3B9FB}"
EndProject
Project("{FAE04EC0-301F-11D3-BF4B-00C04F79EFBC}") = "CatanersTest", "..\CatanersTest\CatanersTest\CatanersTest.csproj", "{A6D60C26-69ED-46AB-8BE8-6B3305A7745B}"
EndProject
Project("{FAE04EC0-301F-11D3-BF4B-00C04F79EFBC}") = "CatanersShared", "..\CatanersShared\CatanersShared\CatanersShared.csproj", "{0B6057C1-B6EC-416C-BA05-6F019DAAAD4D}"
EndProject
Project("{2150E333-8FDC-42A3-9474-1A3956D46DE8}") = "Solution Items", "Solution Items", "{4373C344-4DB1-47D2-AFD8-22FA723729CB}"
	ProjectSection(SolutionItems) = preProject
		Performance1.psess = Performance1.psess
	EndProjectSection
EndProject
Global
	GlobalSection(SolutionConfigurationPlatforms) = preSolution
		Debug|Any CPU = Debug|Any CPU
		Debug|Mixed Platforms = Debug|Mixed Platforms
		Debug|x86 = Debug|x86
		Release|Any CPU = Release|Any CPU
		Release|Mixed Platforms = Release|Mixed Platforms
		Release|x86 = Release|x86
	EndGlobalSection
	GlobalSection(ProjectConfigurationPlatforms) = postSolution
		{2CAEBDDE-959C-4DBE-AC16-57298CAE21D8}.Debug|Any CPU.ActiveCfg = Debug|Any CPU
		{2CAEBDDE-959C-4DBE-AC16-57298CAE21D8}.Debug|Any CPU.Build.0 = Debug|Any CPU
		{2CAEBDDE-959C-4DBE-AC16-57298CAE21D8}.Debug|Mixed Platforms.ActiveCfg = Debug|Any CPU
		{2CAEBDDE-959C-4DBE-AC16-57298CAE21D8}.Debug|Mixed Platforms.Build.0 = Debug|Any CPU
		{2CAEBDDE-959C-4DBE-AC16-57298CAE21D8}.Debug|x86.ActiveCfg = Debug|Any CPU
		{2CAEBDDE-959C-4DBE-AC16-57298CAE21D8}.Debug|x86.Build.0 = Debug|Any CPU
		{2CAEBDDE-959C-4DBE-AC16-57298CAE21D8}.Release|Any CPU.ActiveCfg = Release|Any CPU
		{2CAEBDDE-959C-4DBE-AC16-57298CAE21D8}.Release|Any CPU.Build.0 = Release|Any CPU
		{2CAEBDDE-959C-4DBE-AC16-57298CAE21D8}.Release|Mixed Platforms.ActiveCfg = Release|Any CPU
		{2CAEBDDE-959C-4DBE-AC16-57298CAE21D8}.Release|Mixed Platforms.Build.0 = Release|Any CPU
		{2CAEBDDE-959C-4DBE-AC16-57298CAE21D8}.Release|x86.ActiveCfg = Release|Any CPU
		{1F95432A-1A6D-4EEE-B7D6-82E32AB3B9FB}.Debug|Any CPU.ActiveCfg = Debug|Any CPU
		{1F95432A-1A6D-4EEE-B7D6-82E32AB3B9FB}.Debug|Any CPU.Build.0 = Debug|Any CPU
		{1F95432A-1A6D-4EEE-B7D6-82E32AB3B9FB}.Debug|Mixed Platforms.ActiveCfg = Debug|Any CPU
		{1F95432A-1A6D-4EEE-B7D6-82E32AB3B9FB}.Debug|Mixed Platforms.Build.0 = Debug|Any CPU
		{1F95432A-1A6D-4EEE-B7D6-82E32AB3B9FB}.Debug|x86.ActiveCfg = Debug|Any CPU
		{1F95432A-1A6D-4EEE-B7D6-82E32AB3B9FB}.Debug|x86.Build.0 = Debug|Any CPU
		{1F95432A-1A6D-4EEE-B7D6-82E32AB3B9FB}.Release|Any CPU.ActiveCfg = Release|Any CPU
		{1F95432A-1A6D-4EEE-B7D6-82E32AB3B9FB}.Release|Any CPU.Build.0 = Release|Any CPU
		{1F95432A-1A6D-4EEE-B7D6-82E32AB3B9FB}.Release|Mixed Platforms.ActiveCfg = Release|Any CPU
		{1F95432A-1A6D-4EEE-B7D6-82E32AB3B9FB}.Release|Mixed Platforms.Build.0 = Release|Any CPU
		{1F95432A-1A6D-4EEE-B7D6-82E32AB3B9FB}.Release|x86.ActiveCfg = Release|Any CPU
		{A6D60C26-69ED-46AB-8BE8-6B3305A7745B}.Debug|Any CPU.ActiveCfg = Debug|Any CPU
		{A6D60C26-69ED-46AB-8BE8-6B3305A7745B}.Debug|Any CPU.Build.0 = Debug|Any CPU
		{A6D60C26-69ED-46AB-8BE8-6B3305A7745B}.Debug|Mixed Platforms.ActiveCfg = Debug|Any CPU
		{A6D60C26-69ED-46AB-8BE8-6B3305A7745B}.Debug|Mixed Platforms.Build.0 = Debug|Any CPU
		{A6D60C26-69ED-46AB-8BE8-6B3305A7745B}.Debug|x86.ActiveCfg = Debug|Any CPU
		{A6D60C26-69ED-46AB-8BE8-6B3305A7745B}.Debug|x86.Build.0 = Debug|Any CPU
		{A6D60C26-69ED-46AB-8BE8-6B3305A7745B}.Release|Any CPU.ActiveCfg = Release|Any CPU
		{A6D60C26-69ED-46AB-8BE8-6B3305A7745B}.Release|Any CPU.Build.0 = Release|Any CPU
		{A6D60C26-69ED-46AB-8BE8-6B3305A7745B}.Release|Mixed Platforms.ActiveCfg = Release|Any CPU
		{A6D60C26-69ED-46AB-8BE8-6B3305A7745B}.Release|Mixed Platforms.Build.0 = Release|Any CPU
		{A6D60C26-69ED-46AB-8BE8-6B3305A7745B}.Release|x86.ActiveCfg = Release|Any CPU
		{0B6057C1-B6EC-416C-BA05-6F019DAAAD4D}.Debug|Any CPU.ActiveCfg = Debug|Any CPU
		{0B6057C1-B6EC-416C-BA05-6F019DAAAD4D}.Debug|Any CPU.Build.0 = Debug|Any CPU
		{0B6057C1-B6EC-416C-BA05-6F019DAAAD4D}.Debug|Mixed Platforms.ActiveCfg = Debug|Any CPU
		{0B6057C1-B6EC-416C-BA05-6F019DAAAD4D}.Debug|Mixed Platforms.Build.0 = Debug|Any CPU
		{0B6057C1-B6EC-416C-BA05-6F019DAAAD4D}.Debug|x86.ActiveCfg = Debug|Any CPU
		{0B6057C1-B6EC-416C-BA05-6F019DAAAD4D}.Debug|x86.Build.0 = Debug|Any CPU
		{0B6057C1-B6EC-416C-BA05-6F019DAAAD4D}.Release|Any CPU.ActiveCfg = Release|Any CPU
		{0B6057C1-B6EC-416C-BA05-6F019DAAAD4D}.Release|Any CPU.Build.0 = Release|Any CPU
		{0B6057C1-B6EC-416C-BA05-6F019DAAAD4D}.Release|Mixed Platforms.ActiveCfg = Release|Any CPU
		{0B6057C1-B6EC-416C-BA05-6F019DAAAD4D}.Release|Mixed Platforms.Build.0 = Release|Any CPU
		{0B6057C1-B6EC-416C-BA05-6F019DAAAD4D}.Release|x86.ActiveCfg = Release|Any CPU
	EndGlobalSection
	GlobalSection(SolutionProperties) = preSolution
		HideSolutionNode = FALSE
	EndGlobalSection
EndGlobal
